
Microsoft Visual Studio Solution File, Format Version 12.00
# Visual Studio 15
VisualStudioVersion = 15.0.27703.2042
MinimumVisualStudioVersion = 10.0.40219.1
Project("{8BC9CEB8-8B4A-11D0-8D11-00A0C91BC942}") = "libCoordinateConverter", "libCoordinateConverter\libCoordinateConverter.vcxproj", "{4604D8E6-FC80-4551-939D-85D6BE91A9A3}"
EndProject
Project("{8BC9CEB8-8B4A-11D0-8D11-00A0C91BC942}") = "CoordinateConverter", "CoordinateConverter\CoordinateConverter.vcxproj", "{1B2BEC2D-5D65-4FCF-9E01-3E17B708DCFA}"
EndProject
Global
	GlobalSection(SolutionConfigurationPlatforms) = preSolution
		Debug|x64 = Debug|x64
		Debug|x86 = Debug|x86
		Release|x64 = Release|x64
		Release|x86 = Release|x86
	EndGlobalSection
	GlobalSection(ProjectConfigurationPlatforms) = postSolution
		{4604D8E6-FC80-4551-939D-85D6BE91A9A3}.Debug|x64.ActiveCfg = Debug|x64
		{4604D8E6-FC80-4551-939D-85D6BE91A9A3}.Debug|x64.Build.0 = Debug|x64
		{4604D8E6-FC80-4551-939D-85D6BE91A9A3}.Debug|x86.ActiveCfg = Debug|Win32
		{4604D8E6-FC80-4551-939D-85D6BE91A9A3}.Debug|x86.Build.0 = Debug|Win32
		{4604D8E6-FC80-4551-939D-85D6BE91A9A3}.Release|x64.ActiveCfg = Release|x64
		{4604D8E6-FC80-4551-939D-85D6BE91A9A3}.Release|x64.Build.0 = Release|x64
		{4604D8E6-FC80-4551-939D-85D6BE91A9A3}.Release|x86.ActiveCfg = Release|Win32
		{4604D8E6-FC80-4551-939D-85D6BE91A9A3}.Release|x86.Build.0 = Release|Win32
		{1B2BEC2D-5D65-4FCF-9E01-3E17B708DCFA}.Debug|x64.ActiveCfg = Debug|x64
		{1B2BEC2D-5D65-4FCF-9E01-3E17B708DCFA}.Debug|x64.Build.0 = Debug|x64
		{1B2BEC2D-5D65-4FCF-9E01-3E17B708DCFA}.Debug|x86.ActiveCfg = Debug|Win32
		{1B2BEC2D-5D65-4FCF-9E01-3E17B708DCFA}.Debug|x86.Build.0 = Debug|Win32
		{1B2BEC2D-5D65-4FCF-9E01-3E17B708DCFA}.Release|x64.ActiveCfg = Release|x64
		{1B2BEC2D-5D65-4FCF-9E01-3E17B708DCFA}.Release|x64.Build.0 = Release|x64
		{1B2BEC2D-5D65-4FCF-9E01-3E17B708DCFA}.Release|x86.ActiveCfg = Release|Win32
		{1B2BEC2D-5D65-4FCF-9E01-3E17B708DCFA}.Release|x86.Build.0 = Release|Win32
	EndGlobalSection
	GlobalSection(SolutionProperties) = preSolution
		HideSolutionNode = FALSE
	EndGlobalSection
	GlobalSection(ExtensibilityGlobals) = postSolution
		SolutionGuid = {46598FB6-A892-4302-A059-FA54193AD3E3}
	EndGlobalSection
EndGlobal
